{
  "lockfileVersion": 1,
  "configVersion": 1,
  "workspaces": {
    "": {
      "name": "bun-react-template",
      "dependencies": {
        "@graphql-yoga/plugin-jwt": "^3.11.1",
        "graphql": "^16.12.0",
        "graphql-yoga": "^5.17.1",
        "jsonwebtoken": "^9.0.3",
        "react": "^19",
        "react-dom": "^19",
        "react-router-dom": "^7.10.1",
        "urql": "^5.0.1",
      },
      "devDependencies": {
        "@types/bun": "latest",
        "@types/react": "^19",
        "@types/react-dom": "^19",
        "typescript": "^5.9.3",
        "typescript-language-server": "^5.1.3",
      },
    },
  },
  "packages": {
    "@0no-co/graphql.web": ["@0no-co/graphql.web@1.2.0", "", { "peerDependencies": { "graphql": "^14.0.0 || ^15.0.0 || ^16.0.0" }, "optionalPeers": ["graphql"] }, "sha512-/1iHy9TTr63gE1YcR5idjx8UREz1s0kFhydf3bBLCXyqjhkIc6igAzTOx3zPifCwFR87tsh/4Pa9cNts6d2otw=="],

    "@envelop/core": ["@envelop/core@5.4.0", "", { "dependencies": { "@envelop/instrumentation": "^1.0.0", "@envelop/types": "^5.2.1", "@whatwg-node/promise-helpers": "^1.2.4", "tslib": "^2.5.0" } }, "sha512-/1fat63pySE8rw/dZZArEVytLD90JApY85deDJ0/34gm+yhQ3k70CloSUevxoOE4YCGveG3s9SJJfQeeB4NAtQ=="],

    "@envelop/instrumentation": ["@envelop/instrumentation@1.0.0", "", { "dependencies": { "@whatwg-node/promise-helpers": "^1.2.1", "tslib": "^2.5.0" } }, "sha512-cxgkB66RQB95H3X27jlnxCRNTmPuSTgmBAq6/4n2Dtv4hsk4yz8FadA1ggmd0uZzvKqWD6CR+WFgTjhDqg7eyw=="],

    "@envelop/types": ["@envelop/types@5.2.1", "", { "dependencies": { "@whatwg-node/promise-helpers": "^1.0.0", "tslib": "^2.5.0" } }, "sha512-CsFmA3u3c2QoLDTfEpGr4t25fjMU31nyvse7IzWTvb0ZycuPjMjb0fjlheh+PbhBYb9YLugnT2uY6Mwcg1o+Zg=="],

    "@fastify/busboy": ["@fastify/busboy@3.2.0", "", {}, "sha512-m9FVDXU3GT2ITSe0UaMA5rU3QkfC/UXtCU8y0gSN/GugTqtVldOBWIB5V6V3sbmenVZUIpU6f+mPEO2+m5iTaA=="],

    "@graphql-tools/executor": ["@graphql-tools/executor@1.5.0", "", { "dependencies": { "@graphql-tools/utils": "^10.11.0", "@graphql-typed-document-node/core": "^3.2.0", "@repeaterjs/repeater": "^3.0.4", "@whatwg-node/disposablestack": "^0.0.6", "@whatwg-node/promise-helpers": "^1.0.0", "tslib": "^2.4.0" }, "peerDependencies": { "graphql": "^14.0.0 || ^15.0.0 || ^16.0.0 || ^17.0.0" } }, "sha512-3HzAxfexmynEWwRB56t/BT+xYKEYLGPvJudR1jfs+XZX8bpfqujEhqVFoxmkpEE8BbFcKuBNoQyGkTi1eFJ+hA=="],

    "@graphql-tools/merge": ["@graphql-tools/merge@9.1.6", "", { "dependencies": { "@graphql-tools/utils": "^10.11.0", "tslib": "^2.4.0" }, "peerDependencies": { "graphql": "^14.0.0 || ^15.0.0 || ^16.0.0 || ^17.0.0" } }, "sha512-bTnP+4oom4nDjmkS3Ykbe+ljAp/RIiWP3R35COMmuucS24iQxGLa9Hn8VMkLIoaoPxgz6xk+dbC43jtkNsFoBw=="],

    "@graphql-tools/schema": ["@graphql-tools/schema@10.0.30", "", { "dependencies": { "@graphql-tools/merge": "^9.1.6", "@graphql-tools/utils": "^10.11.0", "tslib": "^2.4.0" }, "peerDependencies": { "graphql": "^14.0.0 || ^15.0.0 || ^16.0.0 || ^17.0.0" } }, "sha512-yPXU17uM/LR90t92yYQqn9mAJNOVZJc0nQtYeZyZeQZeQjwIGlTubvvoDL0fFVk+wZzs4YQOgds2NwSA4npodA=="],

    "@graphql-tools/utils": ["@graphql-tools/utils@10.11.0", "", { "dependencies": { "@graphql-typed-document-node/core": "^3.1.1", "@whatwg-node/promise-helpers": "^1.0.0", "cross-inspect": "1.0.1", "tslib": "^2.4.0" }, "peerDependencies": { "graphql": "^14.0.0 || ^15.0.0 || ^16.0.0 || ^17.0.0" } }, "sha512-iBFR9GXIs0gCD+yc3hoNswViL1O5josI33dUqiNStFI/MHLCEPduasceAcazRH77YONKNiviHBV8f7OgcT4o2Q=="],

    "@graphql-typed-document-node/core": ["@graphql-typed-document-node/core@3.2.0", "", { "peerDependencies": { "graphql": "^0.8.0 || ^0.9.0 || ^0.10.0 || ^0.11.0 || ^0.12.0 || ^0.13.0 || ^14.0.0 || ^15.0.0 || ^16.0.0 || ^17.0.0" } }, "sha512-mB9oAsNCm9aM3/SOv4YtBMqZbYj10R7dkq8byBqxGY/ncFwhf2oQzMV+LCRlWoDSEBJ3COiR1yeDvMtsoOsuFQ=="],

    "@graphql-yoga/logger": ["@graphql-yoga/logger@2.0.1", "", { "dependencies": { "tslib": "^2.8.1" } }, "sha512-Nv0BoDGLMg9QBKy9cIswQ3/6aKaKjlTh87x3GiBg2Z4RrjyrM48DvOOK0pJh1C1At+b0mUIM67cwZcFTDLN4sA=="],

    "@graphql-yoga/plugin-jwt": ["@graphql-yoga/plugin-jwt@3.11.1", "", { "dependencies": { "@whatwg-node/promise-helpers": "^1.3.2", "@whatwg-node/server-plugin-cookies": "^1.0.3", "jsonwebtoken": "^9.0.0", "jwks-rsa": "^3.0.0", "tslib": "^2.4.0" }, "peerDependencies": { "graphql": "^15.2.0 || ^16.0.0", "graphql-yoga": "^5.17.1" } }, "sha512-HaUv2CHIcX7tsmbXpyLIyjq0MXakKdJMInwVOGJRzA8I17RtVOSJsyXHPz9xWf+Mib3v9g/UErjJSwJrATyf0Q=="],

    "@graphql-yoga/subscription": ["@graphql-yoga/subscription@5.0.5", "", { "dependencies": { "@graphql-yoga/typed-event-target": "^3.0.2", "@repeaterjs/repeater": "^3.0.4", "@whatwg-node/events": "^0.1.0", "tslib": "^2.8.1" } }, "sha512-oCMWOqFs6QV96/NZRt/ZhTQvzjkGB4YohBOpKM4jH/lDT4qb7Lex/aGCxpi/JD9njw3zBBtMqxbaC22+tFHVvw=="],

    "@graphql-yoga/typed-event-target": ["@graphql-yoga/typed-event-target@3.0.2", "", { "dependencies": { "@repeaterjs/repeater": "^3.0.4", "tslib": "^2.8.1" } }, "sha512-ZpJxMqB+Qfe3rp6uszCQoag4nSw42icURnBRfFYSOmTgEeOe4rD0vYlbA8spvCu2TlCesNTlEN9BLWtQqLxabA=="],

    "@repeaterjs/repeater": ["@repeaterjs/repeater@3.0.6", "", {}, "sha512-Javneu5lsuhwNCryN+pXH93VPQ8g0dBX7wItHFgYiwQmzE1sVdg5tWHiOgHywzL2W21XQopa7IwIEnNbmeUJYA=="],

    "@types/body-parser": ["@types/body-parser@1.19.6", "", { "dependencies": { "@types/connect": "*", "@types/node": "*" } }, "sha512-HLFeCYgz89uk22N5Qg3dvGvsv46B8GLvKKo1zKG4NybA8U2DiEO3w9lqGg29t/tfLRJpJ6iQxnVw4OnB7MoM9g=="],

    "@types/bun": ["@types/bun@1.3.3", "", { "dependencies": { "bun-types": "1.3.3" } }, "sha512-ogrKbJ2X5N0kWLLFKeytG0eHDleBYtngtlbu9cyBKFtNL3cnpDZkNdQj8flVf6WTZUX5ulI9AY1oa7ljhSrp+g=="],

    "@types/connect": ["@types/connect@3.4.38", "", { "dependencies": { "@types/node": "*" } }, "sha512-K6uROf1LD88uDQqJCktA4yzL1YYAK6NgfsI0v/mTgyPKWsX1CnJ0XPSDhViejru1GcRkLWb8RlzFYJRqGUbaug=="],

    "@types/express": ["@types/express@4.17.25", "", { "dependencies": { "@types/body-parser": "*", "@types/express-serve-static-core": "^4.17.33", "@types/qs": "*", "@types/serve-static": "^1" } }, "sha512-dVd04UKsfpINUnK0yBoYHDF3xu7xVH4BuDotC/xGuycx4CgbP48X/KF/586bcObxT0HENHXEU8Nqtu6NR+eKhw=="],

    "@types/express-serve-static-core": ["@types/express-serve-static-core@4.19.7", "", { "dependencies": { "@types/node": "*", "@types/qs": "*", "@types/range-parser": "*", "@types/send": "*" } }, "sha512-FvPtiIf1LfhzsaIXhv/PHan/2FeQBbtBDtfX2QfvPxdUelMDEckK08SM6nqo1MIZY3RUlfA+HV8+hFUSio78qg=="],

    "@types/http-errors": ["@types/http-errors@2.0.5", "", {}, "sha512-r8Tayk8HJnX0FztbZN7oVqGccWgw98T/0neJphO91KkmOzug1KkofZURD4UaD5uH8AqcFLfdPErnBod0u71/qg=="],

    "@types/jsonwebtoken": ["@types/jsonwebtoken@9.0.10", "", { "dependencies": { "@types/ms": "*", "@types/node": "*" } }, "sha512-asx5hIG9Qmf/1oStypjanR7iKTv0gXQ1Ov/jfrX6kS/EO0OFni8orbmGCn0672NHR3kXHwpAwR+B368ZGN/2rA=="],

    "@types/mime": ["@types/mime@1.3.5", "", {}, "sha512-/pyBZWSLD2n0dcHE3hq8s8ZvcETHtEuF+3E7XVt0Ig2nvsVQXdghHVcEkIWjy9A0wKfTn97a/PSDYohKIlnP/w=="],

    "@types/ms": ["@types/ms@2.1.0", "", {}, "sha512-GsCCIZDE/p3i96vtEqx+7dBUGXrc7zeSK3wwPHIaRThS+9OhWIXRqzs4d6k1SVU8g91DrNRWxWUGhp5KXQb2VA=="],

    "@types/node": ["@types/node@24.10.1", "", { "dependencies": { "undici-types": "~7.16.0" } }, "sha512-GNWcUTRBgIRJD5zj+Tq0fKOJ5XZajIiBroOF0yvj2bSU1WvNdYS/dn9UxwsujGW4JX06dnHyjV2y9rRaybH0iQ=="],

    "@types/qs": ["@types/qs@6.14.0", "", {}, "sha512-eOunJqu0K1923aExK6y8p6fsihYEn/BYuQ4g0CxAAgFc4b/ZLN4CrsRZ55srTdqoiLzU2B2evC+apEIxprEzkQ=="],

    "@types/range-parser": ["@types/range-parser@1.2.7", "", {}, "sha512-hKormJbkJqzQGhziax5PItDUTMAM9uE2XXQmM37dyd4hVM+5aVl7oVxMVUiVQn2oCQFN/LKCZdvSM0pFRqbSmQ=="],

    "@types/react": ["@types/react@19.2.7", "", { "dependencies": { "csstype": "^3.2.2" } }, "sha512-MWtvHrGZLFttgeEj28VXHxpmwYbor/ATPYbBfSFZEIRK0ecCFLl2Qo55z52Hss+UV9CRN7trSeq1zbgx7YDWWg=="],

    "@types/react-dom": ["@types/react-dom@19.2.3", "", { "peerDependencies": { "@types/react": "^19.2.0" } }, "sha512-jp2L/eY6fn+KgVVQAOqYItbF0VY/YApe5Mz2F0aykSO8gx31bYCZyvSeYxCHKvzHG5eZjc+zyaS5BrBWya2+kQ=="],

    "@types/send": ["@types/send@1.2.1", "", { "dependencies": { "@types/node": "*" } }, "sha512-arsCikDvlU99zl1g69TcAB3mzZPpxgw0UQnaHeC1Nwb015xp8bknZv5rIfri9xTOcMuaVgvabfIRA7PSZVuZIQ=="],

    "@types/serve-static": ["@types/serve-static@1.15.10", "", { "dependencies": { "@types/http-errors": "*", "@types/node": "*", "@types/send": "<1" } }, "sha512-tRs1dB+g8Itk72rlSI2ZrW6vZg0YrLI81iQSTkMmOqnqCaNr/8Ek4VwWcN5vZgCYWbg/JJSGBlUaYGAOP73qBw=="],

    "@urql/core": ["@urql/core@6.0.1", "", { "dependencies": { "@0no-co/graphql.web": "^1.0.13", "wonka": "^6.3.2" } }, "sha512-FZDiQk6jxbj5hixf2rEPv0jI+IZz0EqqGW8mJBEug68/zHTtT+f34guZDmyjJZyiWbj0vL165LoMr/TkeDHaug=="],

    "@whatwg-node/cookie-store": ["@whatwg-node/cookie-store@0.2.3", "", { "dependencies": { "@whatwg-node/promise-helpers": "^1.0.0", "tslib": "^2.6.3" } }, "sha512-LPDv38Hv+RrVA8o7x4YOjQx4qhqOs3Lm8aPTsPrQCUF3MxXEUBEYcUqD5wRTaTxzQEd7ZXbDEnXBLDECFoOfjg=="],

    "@whatwg-node/disposablestack": ["@whatwg-node/disposablestack@0.0.6", "", { "dependencies": { "@whatwg-node/promise-helpers": "^1.0.0", "tslib": "^2.6.3" } }, "sha512-LOtTn+JgJvX8WfBVJtF08TGrdjuFzGJc4mkP8EdDI8ADbvO7kiexYep1o8dwnt0okb0jYclCDXF13xU7Ge4zSw=="],

    "@whatwg-node/events": ["@whatwg-node/events@0.1.2", "", { "dependencies": { "tslib": "^2.6.3" } }, "sha512-ApcWxkrs1WmEMS2CaLLFUEem/49erT3sxIVjpzU5f6zmVcnijtDSrhoK2zVobOIikZJdH63jdAXOrvjf6eOUNQ=="],

    "@whatwg-node/fetch": ["@whatwg-node/fetch@0.10.13", "", { "dependencies": { "@whatwg-node/node-fetch": "^0.8.3", "urlpattern-polyfill": "^10.0.0" } }, "sha512-b4PhJ+zYj4357zwk4TTuF2nEe0vVtOrwdsrNo5hL+u1ojXNhh1FgJ6pg1jzDlwlT4oBdzfSwaBwMCtFCsIWg8Q=="],

    "@whatwg-node/node-fetch": ["@whatwg-node/node-fetch@0.8.4", "", { "dependencies": { "@fastify/busboy": "^3.1.1", "@whatwg-node/disposablestack": "^0.0.6", "@whatwg-node/promise-helpers": "^1.3.2", "tslib": "^2.6.3" } }, "sha512-AlKLc57loGoyYlrzDbejB9EeR+pfdJdGzbYnkEuZaGekFboBwzfVYVMsy88PMriqPI1ORpiGYGgSSWpx7a2sDA=="],

    "@whatwg-node/promise-helpers": ["@whatwg-node/promise-helpers@1.3.2", "", { "dependencies": { "tslib": "^2.6.3" } }, "sha512-Nst5JdK47VIl9UcGwtv2Rcgyn5lWtZ0/mhRQ4G8NN2isxpq2TO30iqHzmwoJycjWuyUfg3GFXqP/gFHXeV57IA=="],

    "@whatwg-node/server": ["@whatwg-node/server@0.10.17", "", { "dependencies": { "@envelop/instrumentation": "^1.0.0", "@whatwg-node/disposablestack": "^0.0.6", "@whatwg-node/fetch": "^0.10.13", "@whatwg-node/promise-helpers": "^1.3.2", "tslib": "^2.6.3" } }, "sha512-QxI+HQfJeI/UscFNCTcSri6nrHP25mtyAMbhEri7W2ctdb3EsorPuJz7IovSgNjvKVs73dg9Fmayewx1O2xOxA=="],

    "@whatwg-node/server-plugin-cookies": ["@whatwg-node/server-plugin-cookies@1.0.5", "", { "dependencies": { "@whatwg-node/cookie-store": "^0.2.2", "@whatwg-node/server": "^0.10.0", "tslib": "^2.6.3" } }, "sha512-9WLknXeFzN5fNtpaY6fEAGs4IVYxZWKnSOSWtoTkZ3/CWZL+h34VL9QRzhV71YPc8MQ9Y1/5now1NbZVepKjWg=="],

    "buffer-equal-constant-time": ["buffer-equal-constant-time@1.0.1", "", {}, "sha512-zRpUiDwd/xk6ADqPMATG8vc9VPrkck7T07OIx0gnjmJAnHnTVXNQG3vfvWNuiZIkwu9KrKdA1iJKfsfTVxE6NA=="],

    "bun-types": ["bun-types@1.3.3", "", { "dependencies": { "@types/node": "*" } }, "sha512-z3Xwlg7j2l9JY27x5Qn3Wlyos8YAp0kKRlrePAOjgjMGS5IG6E7Jnlx736vH9UVI4wUICwwhC9anYL++XeOgTQ=="],

    "cookie": ["cookie@1.1.1", "", {}, "sha512-ei8Aos7ja0weRpFzJnEA9UHJ/7XQmqglbRwnf2ATjcB9Wq874VKH9kfjjirM6UhU2/E5fFYadylyhFldcqSidQ=="],

    "cross-inspect": ["cross-inspect@1.0.1", "", { "dependencies": { "tslib": "^2.4.0" } }, "sha512-Pcw1JTvZLSJH83iiGWt6fRcT+BjZlCDRVwYLbUcHzv/CRpB7r0MlSrGbIyQvVSNyGnbt7G4AXuyCiDR3POvZ1A=="],

    "csstype": ["csstype@3.2.3", "", {}, "sha512-z1HGKcYy2xA8AGQfwrn0PAy+PB7X/GSj3UVJW9qKyn43xWa+gl5nXmU4qqLMRzWVLFC8KusUX8T/0kCiOYpAIQ=="],

    "debug": ["debug@4.4.3", "", { "dependencies": { "ms": "^2.1.3" } }, "sha512-RGwwWnwQvkVfavKVt22FGLw+xYSdzARwm0ru6DhTVA3umU5hZc28V3kO4stgYryrTlLpuvgI9GiijltAjNbcqA=="],

    "ecdsa-sig-formatter": ["ecdsa-sig-formatter@1.0.11", "", { "dependencies": { "safe-buffer": "^5.0.1" } }, "sha512-nagl3RYrbNv6kQkeJIpt6NJZy8twLB/2vtz6yN9Z4vRKHN4/QZJIEbqohALSgwKdnksuY3k5Addp5lg8sVoVcQ=="],

    "graphql": ["graphql@16.12.0", "", {}, "sha512-DKKrynuQRne0PNpEbzuEdHlYOMksHSUI8Zc9Unei5gTsMNA2/vMpoMz/yKba50pejK56qj98qM0SjYxAKi13gQ=="],

    "graphql-yoga": ["graphql-yoga@5.17.1", "", { "dependencies": { "@envelop/core": "^5.3.0", "@envelop/instrumentation": "^1.0.0", "@graphql-tools/executor": "^1.5.0", "@graphql-tools/schema": "^10.0.11", "@graphql-tools/utils": "^10.11.0", "@graphql-yoga/logger": "^2.0.1", "@graphql-yoga/subscription": "^5.0.5", "@whatwg-node/fetch": "^0.10.6", "@whatwg-node/promise-helpers": "^1.3.2", "@whatwg-node/server": "^0.10.14", "lru-cache": "^10.0.0", "tslib": "^2.8.1" }, "peerDependencies": { "graphql": "^15.2.0 || ^16.0.0" } }, "sha512-Izb2uVWfdoWm+tF4bi39KE6F4uml3r700/EwULPZYOciY8inmy4hw+98c6agy3C+xceXvTkP7Li6mY/EI8XliA=="],

    "jose": ["jose@4.15.9", "", {}, "sha512-1vUQX+IdDMVPj4k8kOxgUqlcK518yluMuGZwqlr44FS1ppZB/5GWh4rZG89erpOBOJjU/OBsnCVFfapsRz6nEA=="],

    "jsonwebtoken": ["jsonwebtoken@9.0.3", "", { "dependencies": { "jws": "^4.0.1", "lodash.includes": "^4.3.0", "lodash.isboolean": "^3.0.3", "lodash.isinteger": "^4.0.4", "lodash.isnumber": "^3.0.3", "lodash.isplainobject": "^4.0.6", "lodash.isstring": "^4.0.1", "lodash.once": "^4.0.0", "ms": "^2.1.1", "semver": "^7.5.4" } }, "sha512-MT/xP0CrubFRNLNKvxJ2BYfy53Zkm++5bX9dtuPbqAeQpTVe0MQTFhao8+Cp//EmJp244xt6Drw/GVEGCUj40g=="],

    "jwa": ["jwa@2.0.1", "", { "dependencies": { "buffer-equal-constant-time": "^1.0.1", "ecdsa-sig-formatter": "1.0.11", "safe-buffer": "^5.0.1" } }, "sha512-hRF04fqJIP8Abbkq5NKGN0Bbr3JxlQ+qhZufXVr0DvujKy93ZCbXZMHDL4EOtodSbCWxOqR8MS1tXA5hwqCXDg=="],

    "jwks-rsa": ["jwks-rsa@3.2.0", "", { "dependencies": { "@types/express": "^4.17.20", "@types/jsonwebtoken": "^9.0.4", "debug": "^4.3.4", "jose": "^4.15.4", "limiter": "^1.1.5", "lru-memoizer": "^2.2.0" } }, "sha512-PwchfHcQK/5PSydeKCs1ylNym0w/SSv8a62DgHJ//7x2ZclCoinlsjAfDxAAbpoTPybOum/Jgy+vkvMmKz89Ww=="],

    "jws": ["jws@4.0.1", "", { "dependencies": { "jwa": "^2.0.1", "safe-buffer": "^5.0.1" } }, "sha512-EKI/M/yqPncGUUh44xz0PxSidXFr/+r0pA70+gIYhjv+et7yxM+s29Y+VGDkovRofQem0fs7Uvf4+YmAdyRduA=="],

    "limiter": ["limiter@1.1.5", "", {}, "sha512-FWWMIEOxz3GwUI4Ts/IvgVy6LPvoMPgjMdQ185nN6psJyBJ4yOpzqm695/h5umdLJg2vW3GR5iG11MAkR2AzJA=="],

    "lodash.clonedeep": ["lodash.clonedeep@4.5.0", "", {}, "sha512-H5ZhCF25riFd9uB5UCkVKo61m3S/xZk1x4wA6yp/L3RFP6Z/eHH1ymQcGLo7J3GMPfm0V/7m1tryHuGVxpqEBQ=="],

    "lodash.includes": ["lodash.includes@4.3.0", "", {}, "sha512-W3Bx6mdkRTGtlJISOvVD/lbqjTlPPUDTMnlXZFnVwi9NKJ6tiAk6LVdlhZMm17VZisqhKcgzpO5Wz91PCt5b0w=="],

    "lodash.isboolean": ["lodash.isboolean@3.0.3", "", {}, "sha512-Bz5mupy2SVbPHURB98VAcw+aHh4vRV5IPNhILUCsOzRmsTmSQ17jIuqopAentWoehktxGd9e/hbIXq980/1QJg=="],

    "lodash.isinteger": ["lodash.isinteger@4.0.4", "", {}, "sha512-DBwtEWN2caHQ9/imiNeEA5ys1JoRtRfY3d7V9wkqtbycnAmTvRRmbHKDV4a0EYc678/dia0jrte4tjYwVBaZUA=="],

    "lodash.isnumber": ["lodash.isnumber@3.0.3", "", {}, "sha512-QYqzpfwO3/CWf3XP+Z+tkQsfaLL/EnUlXWVkIk5FUPc4sBdTehEqZONuyRt2P67PXAk+NXmTBcc97zw9t1FQrw=="],

    "lodash.isplainobject": ["lodash.isplainobject@4.0.6", "", {}, "sha512-oSXzaWypCMHkPC3NvBEaPHf0KsA5mvPrOPgQWDsbg8n7orZ290M0BmC/jgRZ4vcJ6DTAhjrsSYgdsW/F+MFOBA=="],

    "lodash.isstring": ["lodash.isstring@4.0.1", "", {}, "sha512-0wJxfxH1wgO3GrbuP+dTTk7op+6L41QCXbGINEmD+ny/G/eCqGzxyCsh7159S+mgDDcoarnBw6PC1PS5+wUGgw=="],

    "lodash.once": ["lodash.once@4.1.1", "", {}, "sha512-Sb487aTOCr9drQVL8pIxOzVhafOjZN9UU54hiN8PU3uAiSV7lx1yYNpbNmex2PK6dSJoNTSJUUswT651yww3Mg=="],

    "lru-cache": ["lru-cache@10.4.3", "", {}, "sha512-JNAzZcXrCt42VGLuYz0zfAzDfAvJWW6AfYlDBQyDV5DClI2m5sAmK+OIO7s59XfsRsWHp02jAJrRadPRGTt6SQ=="],

    "lru-memoizer": ["lru-memoizer@2.3.0", "", { "dependencies": { "lodash.clonedeep": "^4.5.0", "lru-cache": "6.0.0" } }, "sha512-GXn7gyHAMhO13WSKrIiNfztwxodVsP8IoZ3XfrJV4yH2x0/OeTO/FIaAHTY5YekdGgW94njfuKmyyt1E0mR6Ug=="],

    "ms": ["ms@2.1.3", "", {}, "sha512-6FlzubTLZG3J2a/NVCAleEhjzq5oxgHyaCU9yYXvcLsvoVaHJq/s5xXI6/XXP6tz7R9xAOtHnSO/tXtF3WRTlA=="],

    "react": ["react@19.2.1", "", {}, "sha512-DGrYcCWK7tvYMnWh79yrPHt+vdx9tY+1gPZa7nJQtO/p8bLTDaHp4dzwEhQB7pZ4Xe3ok4XKuEPrVuc+wlpkmw=="],

    "react-dom": ["react-dom@19.2.1", "", { "dependencies": { "scheduler": "^0.27.0" }, "peerDependencies": { "react": "^19.2.1" } }, "sha512-ibrK8llX2a4eOskq1mXKu/TGZj9qzomO+sNfO98M6d9zIPOEhlBkMkBUBLd1vgS0gQsLDBzA+8jJBVXDnfHmJg=="],

    "react-router": ["react-router@7.10.1", "", { "dependencies": { "cookie": "^1.0.1", "set-cookie-parser": "^2.6.0" }, "peerDependencies": { "react": ">=18", "react-dom": ">=18" }, "optionalPeers": ["react-dom"] }, "sha512-gHL89dRa3kwlUYtRQ+m8NmxGI6CgqN+k4XyGjwcFoQwwCWF6xXpOCUlDovkXClS0d0XJN/5q7kc5W3kiFEd0Yw=="],

    "react-router-dom": ["react-router-dom@7.10.1", "", { "dependencies": { "react-router": "7.10.1" }, "peerDependencies": { "react": ">=18", "react-dom": ">=18" } }, "sha512-JNBANI6ChGVjA5bwsUIwJk7LHKmqB4JYnYfzFwyp2t12Izva11elds2jx7Yfoup2zssedntwU0oZ5DEmk5Sdaw=="],

    "safe-buffer": ["safe-buffer@5.2.1", "", {}, "sha512-rp3So07KcdmmKbGvgaNxQSJr7bGVSVk5S9Eq1F+ppbRo70+YeaDxkw5Dd8NPN+GD6bjnYm2VuPuCXmpuYvmCXQ=="],

    "scheduler": ["scheduler@0.27.0", "", {}, "sha512-eNv+WrVbKu1f3vbYJT/xtiF5syA5HPIMtf9IgY/nKg0sWqzAUEvqY/xm7OcZc/qafLx/iO9FgOmeSAp4v5ti/Q=="],

    "semver": ["semver@7.7.3", "", { "bin": { "semver": "bin/semver.js" } }, "sha512-SdsKMrI9TdgjdweUSR9MweHA4EJ8YxHn8DFaDisvhVlUOe4BF1tLD7GAj0lIqWVl+dPb/rExr0Btby5loQm20Q=="],

    "set-cookie-parser": ["set-cookie-parser@2.7.2", "", {}, "sha512-oeM1lpU/UvhTxw+g3cIfxXHyJRc/uidd3yK1P242gzHds0udQBYzs3y8j4gCCW+ZJ7ad0yctld8RYO+bdurlvw=="],

    "tslib": ["tslib@2.8.1", "", {}, "sha512-oJFu94HQb+KVduSUQL7wnpmqnfmLsOA/nAh6b6EH0wCEoK0/mPeXU6c3wKDV83MkOuHPRHtSXKKU99IBazS/2w=="],

    "typescript": ["typescript@5.9.3", "", { "bin": { "tsc": "bin/tsc", "tsserver": "bin/tsserver" } }, "sha512-jl1vZzPDinLr9eUt3J/t7V6FgNEw9QjvBPdysz9KfQDD41fQrC2Y4vKQdiaUpFT4bXlb1RHhLpp8wtm6M5TgSw=="],

    "typescript-language-server": ["typescript-language-server@5.1.3", "", { "bin": { "typescript-language-server": "lib/cli.mjs" } }, "sha512-r+pAcYtWdN8tKlYZPwiiHNA2QPjXnI02NrW5Sf2cVM3TRtuQ3V9EKKwOxqwaQ0krsaEXk/CbN90I5erBuf84Vg=="],

    "undici-types": ["undici-types@7.16.0", "", {}, "sha512-Zz+aZWSj8LE6zoxD+xrjh4VfkIG8Ya6LvYkZqtUQGJPZjYl53ypCaUwWqo7eI0x66KBGeRo+mlBEkMSeSZ38Nw=="],

    "urlpattern-polyfill": ["urlpattern-polyfill@10.1.0", "", {}, "sha512-IGjKp/o0NL3Bso1PymYURCJxMPNAf/ILOpendP9f5B6e1rTJgdgiOvgfoT8VxCAdY+Wisb9uhGaJJf3yZ2V9nw=="],

    "urql": ["urql@5.0.1", "", { "dependencies": { "@urql/core": "^6.0.1", "wonka": "^6.3.2" }, "peerDependencies": { "react": ">= 16.8.0" } }, "sha512-r58gYlWvCTC19QvkTaARaCLV9/bp870byH/qbLaw3S7f8i/bC6x2Szub8RVXptiMxWmqq5dyVBjUL9G+xPEuqg=="],

    "wonka": ["wonka@6.3.5", "", {}, "sha512-SSil+ecw6B4/Dm7Pf2sAshKQ5hWFvfyGlfPbEd6A14dOH6VDjrmbY86u6nZvy9omGwwIPFR8V41+of1EezgoUw=="],

    "yallist": ["yallist@4.0.0", "", {}, "sha512-3wdGidZyq5PB084XLES5TpOSRA3wjXAlIWMhum2kRcv/41Sn2emQ0dycQW4uZXLejwKvg6EsvbdlVL+FYEct7A=="],

    "@types/serve-static/@types/send": ["@types/send@0.17.6", "", { "dependencies": { "@types/mime": "^1", "@types/node": "*" } }, "sha512-Uqt8rPBE8SY0RK8JB1EzVOIZ32uqy8HwdxCnoCOsYrvnswqmFZ/k+9Ikidlk/ImhsdvBsloHbAlewb2IEBV/Og=="],

    "lru-memoizer/lru-cache": ["lru-cache@6.0.0", "", { "dependencies": { "yallist": "^4.0.0" } }, "sha512-Jo6dJ04CmSjuznwJSS3pUeWmd/H0ffTlkXXgwZi+eq1UCmqQwCh+eLsYOYCwY991i2Fah4h1BEMCx4qThGbsiA=="],
  }
}
